
Microsoft Visual Studio Solution File, Format Version 12.00
# Visual Studio Version 17
VisualStudioVersion = 17.8.34322.80
MinimumVisualStudioVersion = 10.0.40219.1
Project("{9A19103F-16F7-4668-BE54-9A1E7A4F7556}") = "TheCJTechShow.Server", "TheCJTechShow\Server\TheCJTechShow.Server.csproj", "{3B1B89F0-4EDD-4DA7-967C-11FDD0729ED1}"
EndProject
Project("{9A19103F-16F7-4668-BE54-9A1E7A4F7556}") = "TheCJTechShow.Client", "TheCJTechShow\Client\TheCJTechShow.Client.csproj", "{19BBF230-29ED-415A-949F-1A23E1502072}"
EndProject
Project("{9A19103F-16F7-4668-BE54-9A1E7A4F7556}") = "TheCJTechShow.Shared", "TheCJTechShow\Shared\TheCJTechShow.Shared.csproj", "{2633DA76-6F0B-4A24-8243-06D9DF378D10}"
EndProject
Global
	GlobalSection(SolutionConfigurationPlatforms) = preSolution
		Debug|Any CPU = Debug|Any CPU
		Release|Any CPU = Release|Any CPU
	EndGlobalSection
	GlobalSection(ProjectConfigurationPlatforms) = postSolution
		{3B1B89F0-4EDD-4DA7-967C-11FDD0729ED1}.Debug|Any CPU.ActiveCfg = Debug|Any CPU
		{3B1B89F0-4EDD-4DA7-967C-11FDD0729ED1}.Debug|Any CPU.Build.0 = Debug|Any CPU
		{3B1B89F0-4EDD-4DA7-967C-11FDD0729ED1}.Release|Any CPU.ActiveCfg = Release|Any CPU
		{3B1B89F0-4EDD-4DA7-967C-11FDD0729ED1}.Release|Any CPU.Build.0 = Release|Any CPU
		{19BBF230-29ED-415A-949F-1A23E1502072}.Debug|Any CPU.ActiveCfg = Debug|Any CPU
		{19BBF230-29ED-415A-949F-1A23E1502072}.Debug|Any CPU.Build.0 = Debug|Any CPU
		{19BBF230-29ED-415A-949F-1A23E1502072}.Release|Any CPU.ActiveCfg = Release|Any CPU
		{19BBF230-29ED-415A-949F-1A23E1502072}.Release|Any CPU.Build.0 = Release|Any CPU
		{2633DA76-6F0B-4A24-8243-06D9DF378D10}.Debug|Any CPU.ActiveCfg = Debug|Any CPU
		{2633DA76-6F0B-4A24-8243-06D9DF378D10}.Debug|Any CPU.Build.0 = Debug|Any CPU
		{2633DA76-6F0B-4A24-8243-06D9DF378D10}.Release|Any CPU.ActiveCfg = Release|Any CPU
		{2633DA76-6F0B-4A24-8243-06D9DF378D10}.Release|Any CPU.Build.0 = Release|Any CPU
	EndGlobalSection
	GlobalSection(SolutionProperties) = preSolution
		HideSolutionNode = FALSE
	EndGlobalSection
	GlobalSection(ExtensibilityGlobals) = postSolution
		SolutionGuid = {D0C5A1B9-8EA3-418A-B2D1-5B700EB233DB}
	EndGlobalSection
EndGlobal
